{
  "name": "silly",
  "lockfileVersion": 3,
  "requires": true,
  "packages": {
    "": {
      "devDependencies": {
        "exact": "^1.0.1",
        "three-game-engine": "^0.8.0"
      }
    },
    "node_modules/@dimforge/rapier3d-compat": {
      "version": "0.11.2",
      "resolved": "https://registry.npmjs.org/@dimforge/rapier3d-compat/-/rapier3d-compat-0.11.2.tgz",
      "integrity": "sha512-vdWmlkpS3G8nGAzLuK7GYTpNdrkn/0NKCe0l1Jqxc7ZZOB3N0q9uG/Ap9l9bothWuAvxscIt0U97GVLr0lXWLg==",
      "dev": true,
      "license": "Apache-2.0"
    },
    "node_modules/events": {
      "version": "3.3.0",
      "resolved": "https://registry.npmjs.org/events/-/events-3.3.0.tgz",
      "integrity": "sha512-mQw+2fkQbALzQ7V0MY0IqdnXNOeTtP4r0lN9z7AAawCXgqea7bDii20AYrIBrFd/Hx0M2Ocz6S111CaFkUcb0Q==",
      "dev": true,
      "license": "MIT",
      "engines": {
        "node": ">=0.8.x"
      }
    },
    "node_modules/exact": {
      "version": "1.0.1",
      "resolved": "https://registry.npmjs.org/exact/-/exact-1.0.1.tgz",
      "integrity": "sha512-3SN5IL4pHktado7PQsj9rJcnHovorezzv5W3/HAJWGUfbrEqDZ3/1ZWiZSl2wSQ7gM6hiGnwIqKhRf1OHOMfQg==",
      "dev": true,
      "license": "ISC"
    },
    "node_modules/three": {
      "version": "0.168.0",
      "resolved": "https://registry.npmjs.org/three/-/three-0.168.0.tgz",
      "integrity": "sha512-6m6jXtDwMJEK/GGMbAOTSAmxNdzKvvBzgd7q8bE/7Tr6m7PaBh5kKLrN7faWtlglXbzj7sVba48Idwx+NRsZXw==",
      "dev": true,
      "license": "MIT"
    },
    "node_modules/three-game-engine": {
      "version": "0.8.0",
      "resolved": "https://registry.npmjs.org/three-game-engine/-/three-game-engine-0.8.0.tgz",
      "integrity": "sha512-PNW9rzuTpNAhVRigkWLB9jEOco1xNbwItrOd3hunZrxjXwaghI/qudoYlVdT8LurfTvoW4smSHJncbZoeugM/g==",
      "dev": true,
      "license": "ISC",
      "dependencies": {
        "@dimforge/rapier3d-compat": "^0.11.2",
        "events": "^3.3.0",
        "three": "^0.168.0",
        "three-mesh-ui": "^6.5.4"
      }
    },
    "node_modules/three-mesh-ui": {
      "version": "6.5.4",
      "resolved": "https://registry.npmjs.org/three-mesh-ui/-/three-mesh-ui-6.5.4.tgz",
      "integrity": "sha512-QA2KlHrbj7zGjKqpNXcwvini8g5gOXb44ExdupVpxCqmHln/sWNGOmN0yIa/HjnMGYJWP4M+NchTHvwUp+MWIw==",
      "dev": true,
      "license": "MIT",
      "engines": {
        "node": "x.x.x"
      },
      "peerDependencies": {
        "three": ">=0.144.0"
      }
    }
  }
}
